
Microsoft Visual Studio Solution File, Format Version 12.00
# Visual Studio Version 17
VisualStudioVersion = 17.8.34408.163
MinimumVisualStudioVersion = 10.0.40219.1
Project("{9A19103F-16F7-4668-BE54-9A1E7A4F7556}") = "Mission2", "Mission2.csproj", "{C4A17FB9-890A-46EE-8B6B-E08C8D77D3FB}"
EndProject
Global
	GlobalSection(SolutionConfigurationPlatforms) = preSolution
		Debug|Any CPU = Debug|Any CPU
		Release|Any CPU = Release|Any CPU
	EndGlobalSection
	GlobalSection(ProjectConfigurationPlatforms) = postSolution
		{C4A17FB9-890A-46EE-8B6B-E08C8D77D3FB}.Debug|Any CPU.ActiveCfg = Debug|Any CPU
		{C4A17FB9-890A-46EE-8B6B-E08C8D77D3FB}.Debug|Any CPU.Build.0 = Debug|Any CPU
		{C4A17FB9-890A-46EE-8B6B-E08C8D77D3FB}.Release|Any CPU.ActiveCfg = Release|Any CPU
		{C4A17FB9-890A-46EE-8B6B-E08C8D77D3FB}.Release|Any CPU.Build.0 = Release|Any CPU
	EndGlobalSection
	GlobalSection(SolutionProperties) = preSolution
		HideSolutionNode = FALSE
	EndGlobalSection
	GlobalSection(ExtensibilityGlobals) = postSolution
		SolutionGuid = {156CA530-A6BF-4743-B23B-8B2D4582940B}
	EndGlobalSection
EndGlobal
